
Microsoft Visual Studio Solution File, Format Version 12.00
# Visual Studio Version 16
VisualStudioVersion = 16.0.29025.244
MinimumVisualStudioVersion = 10.0.40219.1
Project("{9A19103F-16F7-4668-BE54-9A1E7A4F7556}") = "mongoEngine", "mongoEngine\mongoEngine.csproj", "{E5E6385A-D84C-46F8-B9A4-3CD98ABA1A64}"
EndProject
Project("{9A19103F-16F7-4668-BE54-9A1E7A4F7556}") = "UI_interface", "GIinterface\UI_interface.csproj", "{BCAEB18F-3C02-4CF5-8D2D-D616502E029D}"
EndProject
Project("{FAE04EC0-301F-11D3-BF4B-00C04F79EFBC}") = "DB_repository", "DB_repository\DB_repository.csproj", "{A5B33332-F65A-48A0-89BA-BF027CE39B95}"
EndProject
Global
	GlobalSection(SolutionConfigurationPlatforms) = preSolution
		Debug|Any CPU = Debug|Any CPU
		Release|Any CPU = Release|Any CPU
	EndGlobalSection
	GlobalSection(ProjectConfigurationPlatforms) = postSolution
		{E5E6385A-D84C-46F8-B9A4-3CD98ABA1A64}.Debug|Any CPU.ActiveCfg = Debug|Any CPU
		{E5E6385A-D84C-46F8-B9A4-3CD98ABA1A64}.Debug|Any CPU.Build.0 = Debug|Any CPU
		{E5E6385A-D84C-46F8-B9A4-3CD98ABA1A64}.Release|Any CPU.ActiveCfg = Release|Any CPU
		{E5E6385A-D84C-46F8-B9A4-3CD98ABA1A64}.Release|Any CPU.Build.0 = Release|Any CPU
		{BCAEB18F-3C02-4CF5-8D2D-D616502E029D}.Debug|Any CPU.ActiveCfg = Debug|Any CPU
		{BCAEB18F-3C02-4CF5-8D2D-D616502E029D}.Debug|Any CPU.Build.0 = Debug|Any CPU
		{BCAEB18F-3C02-4CF5-8D2D-D616502E029D}.Release|Any CPU.ActiveCfg = Release|Any CPU
		{BCAEB18F-3C02-4CF5-8D2D-D616502E029D}.Release|Any CPU.Build.0 = Release|Any CPU
		{A5B33332-F65A-48A0-89BA-BF027CE39B95}.Debug|Any CPU.ActiveCfg = Debug|Any CPU
		{A5B33332-F65A-48A0-89BA-BF027CE39B95}.Debug|Any CPU.Build.0 = Debug|Any CPU
		{A5B33332-F65A-48A0-89BA-BF027CE39B95}.Release|Any CPU.ActiveCfg = Release|Any CPU
		{A5B33332-F65A-48A0-89BA-BF027CE39B95}.Release|Any CPU.Build.0 = Release|Any CPU
	EndGlobalSection
	GlobalSection(SolutionProperties) = preSolution
		HideSolutionNode = FALSE
	EndGlobalSection
	GlobalSection(ExtensibilityGlobals) = postSolution
		SolutionGuid = {77136B45-1C8B-43B7-B629-BB4FBCE87D74}
	EndGlobalSection
EndGlobal
